// !$*UTF8*$!
{
	archiveVersion = 1;
	classes = {
	};
	objectVersion = 55;
	objects = {

/* Begin PBXBuildFile section */
		8B1B93D427765F7E00398B5C /* AppDelegate.swift in Sources */ = {isa = PBXBuildFile; fileRef = 8B1B93D327765F7E00398B5C /* AppDelegate.swift */; };
		8B1B93DE27765F7E00398B5C /* RocketLaunch.xcdatamodeld in Sources */ = {isa = PBXBuildFile; fileRef = 8B1B93DC27765F7E00398B5C /* RocketLaunch.xcdatamodeld */; };
		8B1B93E027765F8000398B5C /* Assets.xcassets in Resources */ = {isa = PBXBuildFile; fileRef = 8B1B93DF27765F8000398B5C /* Assets.xcassets */; };
		8B1B93E327765F8000398B5C /* LaunchScreen.storyboard in Resources */ = {isa = PBXBuildFile; fileRef = 8B1B93E127765F8000398B5C /* LaunchScreen.storyboard */; };
		8B1B93EE27765F8000398B5C /* RocketLaunchTests.swift in Sources */ = {isa = PBXBuildFile; fileRef = 8B1B93ED27765F8000398B5C /* RocketLaunchTests.swift */; };
		8B1B93F827765F8000398B5C /* RocketLaunchUITests.swift in Sources */ = {isa = PBXBuildFile; fileRef = 8B1B93F727765F8000398B5C /* RocketLaunchUITests.swift */; };
		8B1B93FA27765F8000398B5C /* RocketLaunchUITestsLaunchTests.swift in Sources */ = {isa = PBXBuildFile; fileRef = 8B1B93F927765F8000398B5C /* RocketLaunchUITestsLaunchTests.swift */; };
		8B4E28DF27776D1E00B83DB8 /* HeaderView.swift in Sources */ = {isa = PBXBuildFile; fileRef = 8B4E28DE27776D1E00B83DB8 /* HeaderView.swift */; };
		8B72819E27766A97009050D9 /* RocketLaunchPresenter.swift in Sources */ = {isa = PBXBuildFile; fileRef = 8B72819927766A97009050D9 /* RocketLaunchPresenter.swift */; };
		8B72819F27766A97009050D9 /* RocketLaunchRouter.swift in Sources */ = {isa = PBXBuildFile; fileRef = 8B72819A27766A97009050D9 /* RocketLaunchRouter.swift */; };
		8B7281A027766A97009050D9 /* RocketLaunchModels.swift in Sources */ = {isa = PBXBuildFile; fileRef = 8B72819B27766A97009050D9 /* RocketLaunchModels.swift */; };
		8B7281A127766A97009050D9 /* RocketLaunchViewController.swift in Sources */ = {isa = PBXBuildFile; fileRef = 8B72819C27766A97009050D9 /* RocketLaunchViewController.swift */; };
		8B7281A227766A97009050D9 /* RocketLaunchBuilder.swift in Sources */ = {isa = PBXBuildFile; fileRef = 8B72819D27766A97009050D9 /* RocketLaunchBuilder.swift */; };
		8B7281A527766B36009050D9 /* BaseViewController.swift in Sources */ = {isa = PBXBuildFile; fileRef = 8B7281A427766B36009050D9 /* BaseViewController.swift */; };
		8B7281A727766BC8009050D9 /* BaseBuilder.swift in Sources */ = {isa = PBXBuildFile; fileRef = 8B7281A627766BC8009050D9 /* BaseBuilder.swift */; };
		8B7281A927766C41009050D9 /* BasePresenter.swift in Sources */ = {isa = PBXBuildFile; fileRef = 8B7281A827766C41009050D9 /* BasePresenter.swift */; };
		8B7281AB27766DAC009050D9 /* BaseRouter.swift in Sources */ = {isa = PBXBuildFile; fileRef = 8B7281AA27766DAC009050D9 /* BaseRouter.swift */; };
		8B7281AF277670D9009050D9 /* RocketLaunchInteractor.swift in Sources */ = {isa = PBXBuildFile; fileRef = 8B7281AD277670D9009050D9 /* RocketLaunchInteractor.swift */; };
		8B7281B12776711F009050D9 /* BaseInteractor.swift in Sources */ = {isa = PBXBuildFile; fileRef = 8B7281B02776711F009050D9 /* BaseInteractor.swift */; };
		8B7281BA2776755B009050D9 /* EventsViewController.swift in Sources */ = {isa = PBXBuildFile; fileRef = 8B7281B42776755A009050D9 /* EventsViewController.swift */; };
		8B7281BB2776755B009050D9 /* EventsModels.swift in Sources */ = {isa = PBXBuildFile; fileRef = 8B7281B52776755A009050D9 /* EventsModels.swift */; };
		8B7281BC2776755B009050D9 /* EventsPresenter.swift in Sources */ = {isa = PBXBuildFile; fileRef = 8B7281B62776755A009050D9 /* EventsPresenter.swift */; };
		8B7281BD2776755B009050D9 /* EventsRouter.swift in Sources */ = {isa = PBXBuildFile; fileRef = 8B7281B72776755A009050D9 /* EventsRouter.swift */; };
		8B7281BE2776755B009050D9 /* EventsBuilder.swift in Sources */ = {isa = PBXBuildFile; fileRef = 8B7281B82776755A009050D9 /* EventsBuilder.swift */; };
		8B7281BF2776755B009050D9 /* EventsInteractor.swift in Sources */ = {isa = PBXBuildFile; fileRef = 8B7281B92776755A009050D9 /* EventsInteractor.swift */; };
		8B7281C6277675DB009050D9 /* SettingsRouter.swift in Sources */ = {isa = PBXBuildFile; fileRef = 8B7281C0277675DB009050D9 /* SettingsRouter.swift */; };
		8B7281C7277675DB009050D9 /* SettingsViewController.swift in Sources */ = {isa = PBXBuildFile; fileRef = 8B7281C1277675DB009050D9 /* SettingsViewController.swift */; };
		8B7281C8277675DB009050D9 /* SettingsPresenter.swift in Sources */ = {isa = PBXBuildFile; fileRef = 8B7281C2277675DB009050D9 /* SettingsPresenter.swift */; };
		8B7281C9277675DB009050D9 /* SettingsModels.swift in Sources */ = {isa = PBXBuildFile; fileRef = 8B7281C3277675DB009050D9 /* SettingsModels.swift */; };
		8B7281CA277675DB009050D9 /* SettingsBuilder.swift in Sources */ = {isa = PBXBuildFile; fileRef = 8B7281C4277675DB009050D9 /* SettingsBuilder.swift */; };
		8B7281CB277675DB009050D9 /* SettingsInteractor.swift in Sources */ = {isa = PBXBuildFile; fileRef = 8B7281C5277675DB009050D9 /* SettingsInteractor.swift */; };
		8B7281CD27767D72009050D9 /* Settings.bundle in Resources */ = {isa = PBXBuildFile; fileRef = 8B7281CC27767D72009050D9 /* Settings.bundle */; };
		8BC3A6AC27777C1800F88D8D /* RocketLaunchTableViewCell.swift in Sources */ = {isa = PBXBuildFile; fileRef = 8BC3A6AB27777C1800F88D8D /* RocketLaunchTableViewCell.swift */; };
		8BD9F3B327768266001312A9 /* Services.plist in Resources */ = {isa = PBXBuildFile; fileRef = 8BD9F3B227768266001312A9 /* Services.plist */; };
		8BD9F3B52776841E001312A9 /* Constants.swift in Sources */ = {isa = PBXBuildFile; fileRef = 8BD9F3B42776841E001312A9 /* Constants.swift */; };
		8BD9F3B7277684BF001312A9 /* SpaceService.swift in Sources */ = {isa = PBXBuildFile; fileRef = 8BD9F3B6277684BF001312A9 /* SpaceService.swift */; };
		8BD9F3BB277685E4001312A9 /* Alamofire in Frameworks */ = {isa = PBXBuildFile; productRef = 8BD9F3BA277685E4001312A9 /* Alamofire */; };
		8BD9F3BE277685FB001312A9 /* Kingfisher in Frameworks */ = {isa = PBXBuildFile; productRef = 8BD9F3BD277685FB001312A9 /* Kingfisher */; };
		8BD9F3C027768655001312A9 /* SpaceModels.swift in Sources */ = {isa = PBXBuildFile; fileRef = 8BD9F3BF27768655001312A9 /* SpaceModels.swift */; };
		8BD9F3C227768C4C001312A9 /* UserDefaultsManager.swift in Sources */ = {isa = PBXBuildFile; fileRef = 8BD9F3C127768C4C001312A9 /* UserDefaultsManager.swift */; };
/* End PBXBuildFile section */

/* Begin PBXContainerItemProxy section */
		8B1B93EA27765F8000398B5C /* PBXContainerItemProxy */ = {
			isa = PBXContainerItemProxy;
			containerPortal = 8B1B93C827765F7E00398B5C /* Project object */;
			proxyType = 1;
			remoteGlobalIDString = 8B1B93CF27765F7E00398B5C;
			remoteInfo = RocketLaunch;
		};
		8B1B93F427765F8000398B5C /* PBXContainerItemProxy */ = {
			isa = PBXContainerItemProxy;
			containerPortal = 8B1B93C827765F7E00398B5C /* Project object */;
			proxyType = 1;
			remoteGlobalIDString = 8B1B93CF27765F7E00398B5C;
			remoteInfo = RocketLaunch;
		};
/* End PBXContainerItemProxy section */

/* Begin PBXFileReference section */
		8B1B93D027765F7E00398B5C /* RocketLaunch.app */ = {isa = PBXFileReference; explicitFileType = wrapper.application; includeInIndex = 0; path = RocketLaunch.app; sourceTree = BUILT_PRODUCTS_DIR; };
		8B1B93D327765F7E00398B5C /* AppDelegate.swift */ = {isa = PBXFileReference; lastKnownFileType = sourcecode.swift; path = AppDelegate.swift; sourceTree = "<group>"; };
		8B1B93DD27765F7E00398B5C /* RocketLaunch.xcdatamodel */ = {isa = PBXFileReference; lastKnownFileType = wrapper.xcdatamodel; path = RocketLaunch.xcdatamodel; sourceTree = "<group>"; };
		8B1B93DF27765F8000398B5C /* Assets.xcassets */ = {isa = PBXFileReference; lastKnownFileType = folder.assetcatalog; path = Assets.xcassets; sourceTree = "<group>"; };
		8B1B93E227765F8000398B5C /* Base */ = {isa = PBXFileReference; lastKnownFileType = file.storyboard; name = Base; path = Base.lproj/LaunchScreen.storyboard; sourceTree = "<group>"; };
		8B1B93E427765F8000398B5C /* Info.plist */ = {isa = PBXFileReference; lastKnownFileType = text.plist.xml; path = Info.plist; sourceTree = "<group>"; };
		8B1B93E927765F8000398B5C /* RocketLaunchTests.xctest */ = {isa = PBXFileReference; explicitFileType = wrapper.cfbundle; includeInIndex = 0; path = RocketLaunchTests.xctest; sourceTree = BUILT_PRODUCTS_DIR; };
		8B1B93ED27765F8000398B5C /* RocketLaunchTests.swift */ = {isa = PBXFileReference; lastKnownFileType = sourcecode.swift; path = RocketLaunchTests.swift; sourceTree = "<group>"; };
		8B1B93F327765F8000398B5C /* RocketLaunchUITests.xctest */ = {isa = PBXFileReference; explicitFileType = wrapper.cfbundle; includeInIndex = 0; path = RocketLaunchUITests.xctest; sourceTree = BUILT_PRODUCTS_DIR; };
		8B1B93F727765F8000398B5C /* RocketLaunchUITests.swift */ = {isa = PBXFileReference; lastKnownFileType = sourcecode.swift; path = RocketLaunchUITests.swift; sourceTree = "<group>"; };
		8B1B93F927765F8000398B5C /* RocketLaunchUITestsLaunchTests.swift */ = {isa = PBXFileReference; lastKnownFileType = sourcecode.swift; path = RocketLaunchUITestsLaunchTests.swift; sourceTree = "<group>"; };
		8B4E28DE27776D1E00B83DB8 /* HeaderView.swift */ = {isa = PBXFileReference; lastKnownFileType = sourcecode.swift; path = HeaderView.swift; sourceTree = "<group>"; };
		8B72819927766A97009050D9 /* RocketLaunchPresenter.swift */ = {isa = PBXFileReference; lastKnownFileType = sourcecode.swift; path = RocketLaunchPresenter.swift; sourceTree = "<group>"; };
		8B72819A27766A97009050D9 /* RocketLaunchRouter.swift */ = {isa = PBXFileReference; lastKnownFileType = sourcecode.swift; path = RocketLaunchRouter.swift; sourceTree = "<group>"; };
		8B72819B27766A97009050D9 /* RocketLaunchModels.swift */ = {isa = PBXFileReference; lastKnownFileType = sourcecode.swift; path = RocketLaunchModels.swift; sourceTree = "<group>"; };
		8B72819C27766A97009050D9 /* RocketLaunchViewController.swift */ = {isa = PBXFileReference; lastKnownFileType = sourcecode.swift; path = RocketLaunchViewController.swift; sourceTree = "<group>"; };
		8B72819D27766A97009050D9 /* RocketLaunchBuilder.swift */ = {isa = PBXFileReference; lastKnownFileType = sourcecode.swift; path = RocketLaunchBuilder.swift; sourceTree = "<group>"; };
		8B7281A427766B36009050D9 /* BaseViewController.swift */ = {isa = PBXFileReference; lastKnownFileType = sourcecode.swift; path = BaseViewController.swift; sourceTree = "<group>"; };
		8B7281A627766BC8009050D9 /* BaseBuilder.swift */ = {isa = PBXFileReference; lastKnownFileType = sourcecode.swift; path = BaseBuilder.swift; sourceTree = "<group>"; };
		8B7281A827766C41009050D9 /* BasePresenter.swift */ = {isa = PBXFileReference; lastKnownFileType = sourcecode.swift; path = BasePresenter.swift; sourceTree = "<group>"; };
		8B7281AA27766DAC009050D9 /* BaseRouter.swift */ = {isa = PBXFileReference; lastKnownFileType = sourcecode.swift; path = BaseRouter.swift; sourceTree = "<group>"; };
		8B7281AD277670D9009050D9 /* RocketLaunchInteractor.swift */ = {isa = PBXFileReference; lastKnownFileType = sourcecode.swift; path = RocketLaunchInteractor.swift; sourceTree = "<group>"; };
		8B7281B02776711F009050D9 /* BaseInteractor.swift */ = {isa = PBXFileReference; lastKnownFileType = sourcecode.swift; path = BaseInteractor.swift; sourceTree = "<group>"; };
		8B7281B42776755A009050D9 /* EventsViewController.swift */ = {isa = PBXFileReference; fileEncoding = 4; lastKnownFileType = sourcecode.swift; path = EventsViewController.swift; sourceTree = "<group>"; };
		8B7281B52776755A009050D9 /* EventsModels.swift */ = {isa = PBXFileReference; fileEncoding = 4; lastKnownFileType = sourcecode.swift; path = EventsModels.swift; sourceTree = "<group>"; };
		8B7281B62776755A009050D9 /* EventsPresenter.swift */ = {isa = PBXFileReference; fileEncoding = 4; lastKnownFileType = sourcecode.swift; path = EventsPresenter.swift; sourceTree = "<group>"; };
		8B7281B72776755A009050D9 /* EventsRouter.swift */ = {isa = PBXFileReference; fileEncoding = 4; lastKnownFileType = sourcecode.swift; path = EventsRouter.swift; sourceTree = "<group>"; };
		8B7281B82776755A009050D9 /* EventsBuilder.swift */ = {isa = PBXFileReference; fileEncoding = 4; lastKnownFileType = sourcecode.swift; path = EventsBuilder.swift; sourceTree = "<group>"; };
		8B7281B92776755A009050D9 /* EventsInteractor.swift */ = {isa = PBXFileReference; fileEncoding = 4; lastKnownFileType = sourcecode.swift; path = EventsInteractor.swift; sourceTree = "<group>"; };
		8B7281C0277675DB009050D9 /* SettingsRouter.swift */ = {isa = PBXFileReference; fileEncoding = 4; lastKnownFileType = sourcecode.swift; path = SettingsRouter.swift; sourceTree = "<group>"; };
		8B7281C1277675DB009050D9 /* SettingsViewController.swift */ = {isa = PBXFileReference; fileEncoding = 4; lastKnownFileType = sourcecode.swift; path = SettingsViewController.swift; sourceTree = "<group>"; };
		8B7281C2277675DB009050D9 /* SettingsPresenter.swift */ = {isa = PBXFileReference; fileEncoding = 4; lastKnownFileType = sourcecode.swift; path = SettingsPresenter.swift; sourceTree = "<group>"; };
		8B7281C3277675DB009050D9 /* SettingsModels.swift */ = {isa = PBXFileReference; fileEncoding = 4; lastKnownFileType = sourcecode.swift; path = SettingsModels.swift; sourceTree = "<group>"; };
		8B7281C4277675DB009050D9 /* SettingsBuilder.swift */ = {isa = PBXFileReference; fileEncoding = 4; lastKnownFileType = sourcecode.swift; path = SettingsBuilder.swift; sourceTree = "<group>"; };
		8B7281C5277675DB009050D9 /* SettingsInteractor.swift */ = {isa = PBXFileReference; fileEncoding = 4; lastKnownFileType = sourcecode.swift; path = SettingsInteractor.swift; sourceTree = "<group>"; };
		8B7281CC27767D72009050D9 /* Settings.bundle */ = {isa = PBXFileReference; lastKnownFileType = "wrapper.plug-in"; path = Settings.bundle; sourceTree = "<group>"; };
		8BC3A6AB27777C1800F88D8D /* RocketLaunchTableViewCell.swift */ = {isa = PBXFileReference; lastKnownFileType = sourcecode.swift; path = RocketLaunchTableViewCell.swift; sourceTree = "<group>"; };
		8BD9F3B227768266001312A9 /* Services.plist */ = {isa = PBXFileReference; lastKnownFileType = text.plist.xml; path = Services.plist; sourceTree = "<group>"; };
		8BD9F3B42776841E001312A9 /* Constants.swift */ = {isa = PBXFileReference; lastKnownFileType = sourcecode.swift; path = Constants.swift; sourceTree = "<group>"; };
		8BD9F3B6277684BF001312A9 /* SpaceService.swift */ = {isa = PBXFileReference; lastKnownFileType = sourcecode.swift; path = SpaceService.swift; sourceTree = "<group>"; };
		8BD9F3BF27768655001312A9 /* SpaceModels.swift */ = {isa = PBXFileReference; lastKnownFileType = sourcecode.swift; path = SpaceModels.swift; sourceTree = "<group>"; };
		8BD9F3C127768C4C001312A9 /* UserDefaultsManager.swift */ = {isa = PBXFileReference; lastKnownFileType = sourcecode.swift; path = UserDefaultsManager.swift; sourceTree = "<group>"; };
/* End PBXFileReference section */

/* Begin PBXFrameworksBuildPhase section */
		8B1B93CD27765F7E00398B5C /* Frameworks */ = {
			isa = PBXFrameworksBuildPhase;
			buildActionMask = 2147483647;
			files = (
				8BD9F3BE277685FB001312A9 /* Kingfisher in Frameworks */,
				8BD9F3BB277685E4001312A9 /* Alamofire in Frameworks */,
			);
			runOnlyForDeploymentPostprocessing = 0;
		};
		8B1B93E627765F8000398B5C /* Frameworks */ = {
			isa = PBXFrameworksBuildPhase;
			buildActionMask = 2147483647;
			files = (
			);
			runOnlyForDeploymentPostprocessing = 0;
		};
		8B1B93F027765F8000398B5C /* Frameworks */ = {
			isa = PBXFrameworksBuildPhase;
			buildActionMask = 2147483647;
			files = (
			);
			runOnlyForDeploymentPostprocessing = 0;
		};
/* End PBXFrameworksBuildPhase section */

/* Begin PBXGroup section */
		8B1B93C727765F7E00398B5C = {
			isa = PBXGroup;
			children = (
				8B1B93D227765F7E00398B5C /* RocketLaunch */,
				8B1B93EC27765F8000398B5C /* RocketLaunchTests */,
				8B1B93F627765F8000398B5C /* RocketLaunchUITests */,
				8B1B93D127765F7E00398B5C /* Products */,
			);
			sourceTree = "<group>";
		};
		8B1B93D127765F7E00398B5C /* Products */ = {
			isa = PBXGroup;
			children = (
				8B1B93D027765F7E00398B5C /* RocketLaunch.app */,
				8B1B93E927765F8000398B5C /* RocketLaunchTests.xctest */,
				8B1B93F327765F8000398B5C /* RocketLaunchUITests.xctest */,
			);
			name = Products;
			sourceTree = "<group>";
		};
		8B1B93D227765F7E00398B5C /* RocketLaunch */ = {
			isa = PBXGroup;
			children = (
				8B1B93D327765F7E00398B5C /* AppDelegate.swift */,
				8B7281B227767520009050D9 /* Core */,
				8B728192277666D0009050D9 /* Modules */,
				8B72819527766704009050D9 /* Resources */,
				8B728193277666D7009050D9 /* SupportingFiles */,
			);
			path = RocketLaunch;
			sourceTree = "<group>";
		};
		8B1B93EC27765F8000398B5C /* RocketLaunchTests */ = {
			isa = PBXGroup;
			children = (
				8B1B93ED27765F8000398B5C /* RocketLaunchTests.swift */,
			);
			path = RocketLaunchTests;
			sourceTree = "<group>";
		};
		8B1B93F627765F8000398B5C /* RocketLaunchUITests */ = {
			isa = PBXGroup;
			children = (
				8B1B93F727765F8000398B5C /* RocketLaunchUITests.swift */,
				8B1B93F927765F8000398B5C /* RocketLaunchUITestsLaunchTests.swift */,
			);
			path = RocketLaunchUITests;
			sourceTree = "<group>";
		};
		8B4E28DC27776CEA00B83DB8 /* Table */ = {
			isa = PBXGroup;
			children = (
				8B4E28DD27776CF200B83DB8 /* Header */,
				8BC3A6AA27777BF100F88D8D /* Cell */,
			);
			path = Table;
			sourceTree = "<group>";
		};
		8B4E28DD27776CF200B83DB8 /* Header */ = {
			isa = PBXGroup;
			children = (
				8B4E28DE27776D1E00B83DB8 /* HeaderView.swift */,
			);
			path = Header;
			sourceTree = "<group>";
		};
		8B728192277666D0009050D9 /* Modules */ = {
			isa = PBXGroup;
			children = (
				8B7281A327766B13009050D9 /* Common */,
				8BD9F3C327769D24001312A9 /* Components */,
				8B728194277666F3009050D9 /* LaunchScreen */,
				8B72819627766829009050D9 /* RocketLaunch */,
				8B7281972776698C009050D9 /* Events */,
				8B7281982776699E009050D9 /* Settings */,
			);
			path = Modules;
			sourceTree = "<group>";
		};
		8B728193277666D7009050D9 /* SupportingFiles */ = {
			isa = PBXGroup;
			children = (
				8B1B93E427765F8000398B5C /* Info.plist */,
				8BD9F3B227768266001312A9 /* Services.plist */,
				8B7281CC27767D72009050D9 /* Settings.bundle */,
			);
			path = SupportingFiles;
			sourceTree = "<group>";
		};
		8B728194277666F3009050D9 /* LaunchScreen */ = {
			isa = PBXGroup;
			children = (
				8B1B93E127765F8000398B5C /* LaunchScreen.storyboard */,
			);
			path = LaunchScreen;
			sourceTree = "<group>";
		};
		8B72819527766704009050D9 /* Resources */ = {
			isa = PBXGroup;
			children = (
				8B1B93DF27765F8000398B5C /* Assets.xcassets */,
			);
			path = Resources;
			sourceTree = "<group>";
		};
		8B72819627766829009050D9 /* RocketLaunch */ = {
			isa = PBXGroup;
			children = (
				8B72819D27766A97009050D9 /* RocketLaunchBuilder.swift */,
				8B72819C27766A97009050D9 /* RocketLaunchViewController.swift */,
				8B72819927766A97009050D9 /* RocketLaunchPresenter.swift */,
				8B7281AD277670D9009050D9 /* RocketLaunchInteractor.swift */,
				8B72819A27766A97009050D9 /* RocketLaunchRouter.swift */,
				8B72819B27766A97009050D9 /* RocketLaunchModels.swift */,
			);
			path = RocketLaunch;
			sourceTree = "<group>";
		};
		8B7281972776698C009050D9 /* Events */ = {
			isa = PBXGroup;
			children = (
				8B7281B82776755A009050D9 /* EventsBuilder.swift */,
				8B7281B42776755A009050D9 /* EventsViewController.swift */,
				8B7281B62776755A009050D9 /* EventsPresenter.swift */,
				8B7281B92776755A009050D9 /* EventsInteractor.swift */,
				8B7281B72776755A009050D9 /* EventsRouter.swift */,
				8B7281B52776755A009050D9 /* EventsModels.swift */,
			);
			path = Events;
			sourceTree = "<group>";
		};
		8B7281982776699E009050D9 /* Settings */ = {
			isa = PBXGroup;
			children = (
				8B7281C4277675DB009050D9 /* SettingsBuilder.swift */,
				8B7281C1277675DB009050D9 /* SettingsViewController.swift */,
				8B7281C2277675DB009050D9 /* SettingsPresenter.swift */,
				8B7281C5277675DB009050D9 /* SettingsInteractor.swift */,
				8B7281C0277675DB009050D9 /* SettingsRouter.swift */,
				8B7281C3277675DB009050D9 /* SettingsModels.swift */,
			);
			path = Settings;
			sourceTree = "<group>";
		};
		8B7281A327766B13009050D9 /* Common */ = {
			isa = PBXGroup;
			children = (
				8B7281A627766BC8009050D9 /* BaseBuilder.swift */,
				8B7281A427766B36009050D9 /* BaseViewController.swift */,
				8B7281A827766C41009050D9 /* BasePresenter.swift */,
				8B7281AA27766DAC009050D9 /* BaseRouter.swift */,
				8B7281B02776711F009050D9 /* BaseInteractor.swift */,
			);
			path = Common;
			sourceTree = "<group>";
		};
		8B7281B227767520009050D9 /* Core */ = {
			isa = PBXGroup;
			children = (
				8B7281B32776752E009050D9 /* Services */,
				8BD9F3B42776841E001312A9 /* Constants.swift */,
				8BD9F3C127768C4C001312A9 /* UserDefaultsManager.swift */,
				8B1B93DC27765F7E00398B5C /* RocketLaunch.xcdatamodeld */,
			);
			path = Core;
			sourceTree = "<group>";
		};
		8B7281B32776752E009050D9 /* Services */ = {
			isa = PBXGroup;
			children = (
				8BD9F3B8277684E0001312A9 /* TheSpaceDevs */,
			);
			path = Services;
			sourceTree = "<group>";
		};
		8BC3A6AA27777BF100F88D8D /* Cell */ = {
			isa = PBXGroup;
			children = (
				8BC3A6AB27777C1800F88D8D /* RocketLaunchTableViewCell.swift */,
			);
			path = Cell;
			sourceTree = "<group>";
		};
		8BD9F3B8277684E0001312A9 /* TheSpaceDevs */ = {
			isa = PBXGroup;
			children = (
				8BD9F3BF27768655001312A9 /* SpaceModels.swift */,
				8BD9F3B6277684BF001312A9 /* SpaceService.swift */,
			);
			path = TheSpaceDevs;
			sourceTree = "<group>";
		};
		8BD9F3C327769D24001312A9 /* Components */ = {
			isa = PBXGroup;
			children = (
				8B4E28DC27776CEA00B83DB8 /* Table */,
			);
			path = Components;
			sourceTree = "<group>";
		};
/* End PBXGroup section */

/* Begin PBXNativeTarget section */
		8B1B93CF27765F7E00398B5C /* RocketLaunch */ = {
			isa = PBXNativeTarget;
			buildConfigurationList = 8B1B93FD27765F8000398B5C /* Build configuration list for PBXNativeTarget "RocketLaunch" */;
			buildPhases = (
				8B1B93CC27765F7E00398B5C /* Sources */,
				8B1B93CD27765F7E00398B5C /* Frameworks */,
				8B1B93CE27765F7E00398B5C /* Resources */,
			);
			buildRules = (
			);
			dependencies = (
			);
			name = RocketLaunch;
			packageProductDependencies = (
				8BD9F3BA277685E4001312A9 /* Alamofire */,
				8BD9F3BD277685FB001312A9 /* Kingfisher */,
			);
			productName = RocketLaunch;
			productReference = 8B1B93D027765F7E00398B5C /* RocketLaunch.app */;
			productType = "com.apple.product-type.application";
		};
		8B1B93E827765F8000398B5C /* RocketLaunchTests */ = {
			isa = PBXNativeTarget;
			buildConfigurationList = 8B1B940027765F8000398B5C /* Build configuration list for PBXNativeTarget "RocketLaunchTests" */;
			buildPhases = (
				8B1B93E527765F8000398B5C /* Sources */,
				8B1B93E627765F8000398B5C /* Frameworks */,
				8B1B93E727765F8000398B5C /* Resources */,
			);
			buildRules = (
			);
			dependencies = (
				8B1B93EB27765F8000398B5C /* PBXTargetDependency */,
			);
			name = RocketLaunchTests;
			productName = RocketLaunchTests;
			productReference = 8B1B93E927765F8000398B5C /* RocketLaunchTests.xctest */;
			productType = "com.apple.product-type.bundle.unit-test";
		};
		8B1B93F227765F8000398B5C /* RocketLaunchUITests */ = {
			isa = PBXNativeTarget;
			buildConfigurationList = 8B1B940327765F8000398B5C /* Build configuration list for PBXNativeTarget "RocketLaunchUITests" */;
			buildPhases = (
				8B1B93EF27765F8000398B5C /* Sources */,
				8B1B93F027765F8000398B5C /* Frameworks */,
				8B1B93F127765F8000398B5C /* Resources */,
			);
			buildRules = (
			);
			dependencies = (
				8B1B93F527765F8000398B5C /* PBXTargetDependency */,
			);
			name = RocketLaunchUITests;
			productName = RocketLaunchUITests;
			productReference = 8B1B93F327765F8000398B5C /* RocketLaunchUITests.xctest */;
			productType = "com.apple.product-type.bundle.ui-testing";
		};
/* End PBXNativeTarget section */

/* Begin PBXProject section */
		8B1B93C827765F7E00398B5C /* Project object */ = {
			isa = PBXProject;
			attributes = {
				BuildIndependentTargetsInParallel = 1;
				LastSwiftUpdateCheck = 1320;
				LastUpgradeCheck = 1320;
				TargetAttributes = {
					8B1B93CF27765F7E00398B5C = {
						CreatedOnToolsVersion = 13.2;
					};
					8B1B93E827765F8000398B5C = {
						CreatedOnToolsVersion = 13.2;
						TestTargetID = 8B1B93CF27765F7E00398B5C;
					};
					8B1B93F227765F8000398B5C = {
						CreatedOnToolsVersion = 13.2;
						TestTargetID = 8B1B93CF27765F7E00398B5C;
					};
				};
			};
			buildConfigurationList = 8B1B93CB27765F7E00398B5C /* Build configuration list for PBXProject "RocketLaunch" */;
			compatibilityVersion = "Xcode 13.0";
			developmentRegion = en;
			hasScannedForEncodings = 0;
			knownRegions = (
				en,
				Base,
			);
			mainGroup = 8B1B93C727765F7E00398B5C;
			packageReferences = (
				8BD9F3B9277685E4001312A9 /* XCRemoteSwiftPackageReference "Alamofire" */,
				8BD9F3BC277685FB001312A9 /* XCRemoteSwiftPackageReference "Kingfisher" */,
			);
			productRefGroup = 8B1B93D127765F7E00398B5C /* Products */;
			projectDirPath = "";
			projectRoot = "";
			targets = (
				8B1B93CF27765F7E00398B5C /* RocketLaunch */,
				8B1B93E827765F8000398B5C /* RocketLaunchTests */,
				8B1B93F227765F8000398B5C /* RocketLaunchUITests */,
			);
		};
/* End PBXProject section */

/* Begin PBXResourcesBuildPhase section */
		8B1B93CE27765F7E00398B5C /* Resources */ = {
			isa = PBXResourcesBuildPhase;
			buildActionMask = 2147483647;
			files = (
				8BD9F3B327768266001312A9 /* Services.plist in Resources */,
				8B1B93E327765F8000398B5C /* LaunchScreen.storyboard in Resources */,
				8B7281CD27767D72009050D9 /* Settings.bundle in Resources */,
				8B1B93E027765F8000398B5C /* Assets.xcassets in Resources */,
			);
			runOnlyForDeploymentPostprocessing = 0;
		};
		8B1B93E727765F8000398B5C /* Resources */ = {
			isa = PBXResourcesBuildPhase;
			buildActionMask = 2147483647;
			files = (
			);
			runOnlyForDeploymentPostprocessing = 0;
		};
		8B1B93F127765F8000398B5C /* Resources */ = {
			isa = PBXResourcesBuildPhase;
			buildActionMask = 2147483647;
			files = (
			);
			runOnlyForDeploymentPostprocessing = 0;
		};
/* End PBXResourcesBuildPhase section */

/* Begin PBXSourcesBuildPhase section */
		8B1B93CC27765F7E00398B5C /* Sources */ = {
			isa = PBXSourcesBuildPhase;
			buildActionMask = 2147483647;
			files = (
				8BD9F3C027768655001312A9 /* SpaceModels.swift in Sources */,
				8B72819E27766A97009050D9 /* RocketLaunchPresenter.swift in Sources */,
				8B7281BC2776755B009050D9 /* EventsPresenter.swift in Sources */,
				8B7281A927766C41009050D9 /* BasePresenter.swift in Sources */,
				8B7281BA2776755B009050D9 /* EventsViewController.swift in Sources */,
				8B7281BB2776755B009050D9 /* EventsModels.swift in Sources */,
				8B1B93DE27765F7E00398B5C /* RocketLaunch.xcdatamodeld in Sources */,
				8B1B93D427765F7E00398B5C /* AppDelegate.swift in Sources */,
				8BD9F3B52776841E001312A9 /* Constants.swift in Sources */,
				8B7281A027766A97009050D9 /* RocketLaunchModels.swift in Sources */,
				8B7281BF2776755B009050D9 /* EventsInteractor.swift in Sources */,
				8B7281BD2776755B009050D9 /* EventsRouter.swift in Sources */,
				8B7281A227766A97009050D9 /* RocketLaunchBuilder.swift in Sources */,
				8B7281AF277670D9009050D9 /* RocketLaunchInteractor.swift in Sources */,
				8B7281A527766B36009050D9 /* BaseViewController.swift in Sources */,
				8B7281AB27766DAC009050D9 /* BaseRouter.swift in Sources */,
				8B7281A127766A97009050D9 /* RocketLaunchViewController.swift in Sources */,
				8BD9F3B7277684BF001312A9 /* SpaceService.swift in Sources */,
				8B7281C8277675DB009050D9 /* SettingsPresenter.swift in Sources */,
				8B7281C9277675DB009050D9 /* SettingsModels.swift in Sources */,
				8BC3A6AC27777C1800F88D8D /* RocketLaunchTableViewCell.swift in Sources */,
				8B7281CB277675DB009050D9 /* SettingsInteractor.swift in Sources */,
				8B7281C6277675DB009050D9 /* SettingsRouter.swift in Sources */,
				8B7281C7277675DB009050D9 /* SettingsViewController.swift in Sources */,
				8BD9F3C227768C4C001312A9 /* UserDefaultsManager.swift in Sources */,
				8B72819F27766A97009050D9 /* RocketLaunchRouter.swift in Sources */,
				8B4E28DF27776D1E00B83DB8 /* HeaderView.swift in Sources */,
				8B7281A727766BC8009050D9 /* BaseBuilder.swift in Sources */,
				8B7281BE2776755B009050D9 /* EventsBuilder.swift in Sources */,
				8B7281CA277675DB009050D9 /* SettingsBuilder.swift in Sources */,
				8B7281B12776711F009050D9 /* BaseInteractor.swift in Sources */,
			);
			runOnlyForDeploymentPostprocessing = 0;
		};
		8B1B93E527765F8000398B5C /* Sources */ = {
			isa = PBXSourcesBuildPhase;
			buildActionMask = 2147483647;
			files = (
				8B1B93EE27765F8000398B5C /* RocketLaunchTests.swift in Sources */,
			);
			runOnlyForDeploymentPostprocessing = 0;
		};
		8B1B93EF27765F8000398B5C /* Sources */ = {
			isa = PBXSourcesBuildPhase;
			buildActionMask = 2147483647;
			files = (
				8B1B93F827765F8000398B5C /* RocketLaunchUITests.swift in Sources */,
				8B1B93FA27765F8000398B5C /* RocketLaunchUITestsLaunchTests.swift in Sources */,
			);
			runOnlyForDeploymentPostprocessing = 0;
		};
/* End PBXSourcesBuildPhase section */

/* Begin PBXTargetDependency section */
		8B1B93EB27765F8000398B5C /* PBXTargetDependency */ = {
			isa = PBXTargetDependency;
			target = 8B1B93CF27765F7E00398B5C /* RocketLaunch */;
			targetProxy = 8B1B93EA27765F8000398B5C /* PBXContainerItemProxy */;
		};
		8B1B93F527765F8000398B5C /* PBXTargetDependency */ = {
			isa = PBXTargetDependency;
			target = 8B1B93CF27765F7E00398B5C /* RocketLaunch */;
			targetProxy = 8B1B93F427765F8000398B5C /* PBXContainerItemProxy */;
		};
/* End PBXTargetDependency section */

/* Begin PBXVariantGroup section */
		8B1B93E127765F8000398B5C /* LaunchScreen.storyboard */ = {
			isa = PBXVariantGroup;
			children = (
				8B1B93E227765F8000398B5C /* Base */,
			);
			name = LaunchScreen.storyboard;
			sourceTree = "<group>";
		};
/* End PBXVariantGroup section */

/* Begin XCBuildConfiguration section */
		8B1B93FB27765F8000398B5C /* Debug */ = {
			isa = XCBuildConfiguration;
			buildSettings = {
				ALWAYS_SEARCH_USER_PATHS = NO;
				CLANG_ANALYZER_NONNULL = YES;
				CLANG_ANALYZER_NUMBER_OBJECT_CONVERSION = YES_AGGRESSIVE;
				CLANG_CXX_LANGUAGE_STANDARD = "gnu++17";
				CLANG_CXX_LIBRARY = "libc++";
				CLANG_ENABLE_MODULES = YES;
				CLANG_ENABLE_OBJC_ARC = YES;
				CLANG_ENABLE_OBJC_WEAK = YES;
				CLANG_WARN_BLOCK_CAPTURE_AUTORELEASING = YES;
				CLANG_WARN_BOOL_CONVERSION = YES;
				CLANG_WARN_COMMA = YES;
				CLANG_WARN_CONSTANT_CONVERSION = YES;
				CLANG_WARN_DEPRECATED_OBJC_IMPLEMENTATIONS = YES;
				CLANG_WARN_DIRECT_OBJC_ISA_USAGE = YES_ERROR;
				CLANG_WARN_DOCUMENTATION_COMMENTS = YES;
				CLANG_WARN_EMPTY_BODY = YES;
				CLANG_WARN_ENUM_CONVERSION = YES;
				CLANG_WARN_INFINITE_RECURSION = YES;
				CLANG_WARN_INT_CONVERSION = YES;
				CLANG_WARN_NON_LITERAL_NULL_CONVERSION = YES;
				CLANG_WARN_OBJC_IMPLICIT_RETAIN_SELF = YES;
				CLANG_WARN_OBJC_LITERAL_CONVERSION = YES;
				CLANG_WARN_OBJC_ROOT_CLASS = YES_ERROR;
				CLANG_WARN_QUOTED_INCLUDE_IN_FRAMEWORK_HEADER = YES;
				CLANG_WARN_RANGE_LOOP_ANALYSIS = YES;
				CLANG_WARN_STRICT_PROTOTYPES = YES;
				CLANG_WARN_SUSPICIOUS_MOVE = YES;
				CLANG_WARN_UNGUARDED_AVAILABILITY = YES_AGGRESSIVE;
				CLANG_WARN_UNREACHABLE_CODE = YES;
				CLANG_WARN__DUPLICATE_METHOD_MATCH = YES;
				COPY_PHASE_STRIP = NO;
				DEBUG_INFORMATION_FORMAT = dwarf;
				ENABLE_STRICT_OBJC_MSGSEND = YES;
				ENABLE_TESTABILITY = YES;
				GCC_C_LANGUAGE_STANDARD = gnu11;
				GCC_DYNAMIC_NO_PIC = NO;
				GCC_NO_COMMON_BLOCKS = YES;
				GCC_OPTIMIZATION_LEVEL = 0;
				GCC_PREPROCESSOR_DEFINITIONS = (
					"DEBUG=1",
					"$(inherited)",
				);
				GCC_WARN_64_TO_32_BIT_CONVERSION = YES;
				GCC_WARN_ABOUT_RETURN_TYPE = YES_ERROR;
				GCC_WARN_UNDECLARED_SELECTOR = YES;
				GCC_WARN_UNINITIALIZED_AUTOS = YES_AGGRESSIVE;
				GCC_WARN_UNUSED_FUNCTION = YES;
				GCC_WARN_UNUSED_VARIABLE = YES;
				IPHONEOS_DEPLOYMENT_TARGET = 15.2;
				MTL_ENABLE_DEBUG_INFO = INCLUDE_SOURCE;
				MTL_FAST_MATH = YES;
				ONLY_ACTIVE_ARCH = YES;
				SDKROOT = iphoneos;
				SWIFT_ACTIVE_COMPILATION_CONDITIONS = DEBUG;
				SWIFT_OPTIMIZATION_LEVEL = "-Onone";
			};
			name = Debug;
		};
		8B1B93FC27765F8000398B5C /* Release */ = {
			isa = XCBuildConfiguration;
			buildSettings = {
				ALWAYS_SEARCH_USER_PATHS = NO;
				CLANG_ANALYZER_NONNULL = YES;
				CLANG_ANALYZER_NUMBER_OBJECT_CONVERSION = YES_AGGRESSIVE;
				CLANG_CXX_LANGUAGE_STANDARD = "gnu++17";
				CLANG_CXX_LIBRARY = "libc++";
				CLANG_ENABLE_MODULES = YES;
				CLANG_ENABLE_OBJC_ARC = YES;
				CLANG_ENABLE_OBJC_WEAK = YES;
				CLANG_WARN_BLOCK_CAPTURE_AUTORELEASING = YES;
				CLANG_WARN_BOOL_CONVERSION = YES;
				CLANG_WARN_COMMA = YES;
				CLANG_WARN_CONSTANT_CONVERSION = YES;
				CLANG_WARN_DEPRECATED_OBJC_IMPLEMENTATIONS = YES;
				CLANG_WARN_DIRECT_OBJC_ISA_USAGE = YES_ERROR;
				CLANG_WARN_DOCUMENTATION_COMMENTS = YES;
				CLANG_WARN_EMPTY_BODY = YES;
				CLANG_WARN_ENUM_CONVERSION = YES;
				CLANG_WARN_INFINITE_RECURSION = YES;
				CLANG_WARN_INT_CONVERSION = YES;
				CLANG_WARN_NON_LITERAL_NULL_CONVERSION = YES;
				CLANG_WARN_OBJC_IMPLICIT_RETAIN_SELF = YES;
				CLANG_WARN_OBJC_LITERAL_CONVERSION = YES;
				CLANG_WARN_OBJC_ROOT_CLASS = YES_ERROR;
				CLANG_WARN_QUOTED_INCLUDE_IN_FRAMEWORK_HEADER = YES;
				CLANG_WARN_RANGE_LOOP_ANALYSIS = YES;
				CLANG_WARN_STRICT_PROTOTYPES = YES;
				CLANG_WARN_SUSPICIOUS_MOVE = YES;
				CLANG_WARN_UNGUARDED_AVAILABILITY = YES_AGGRESSIVE;
				CLANG_WARN_UNREACHABLE_CODE = YES;
				CLANG_WARN__DUPLICATE_METHOD_MATCH = YES;
				COPY_PHASE_STRIP = NO;
				DEBUG_INFORMATION_FORMAT = "dwarf-with-dsym";
				ENABLE_NS_ASSERTIONS = NO;
				ENABLE_STRICT_OBJC_MSGSEND = YES;
				GCC_C_LANGUAGE_STANDARD = gnu11;
				GCC_NO_COMMON_BLOCKS = YES;
				GCC_WARN_64_TO_32_BIT_CONVERSION = YES;
				GCC_WARN_ABOUT_RETURN_TYPE = YES_ERROR;
				GCC_WARN_UNDECLARED_SELECTOR = YES;
				GCC_WARN_UNINITIALIZED_AUTOS = YES_AGGRESSIVE;
				GCC_WARN_UNUSED_FUNCTION = YES;
				GCC_WARN_UNUSED_VARIABLE = YES;
				IPHONEOS_DEPLOYMENT_TARGET = 15.2;
				MTL_ENABLE_DEBUG_INFO = NO;
				MTL_FAST_MATH = YES;
				SDKROOT = iphoneos;
				SWIFT_COMPILATION_MODE = wholemodule;
				SWIFT_OPTIMIZATION_LEVEL = "-O";
				VALIDATE_PRODUCT = YES;
			};
			name = Release;
		};
		8B1B93FE27765F8000398B5C /* Debug */ = {
			isa = XCBuildConfiguration;
			buildSettings = {
				ASSETCATALOG_COMPILER_APPICON_NAME = AppIcon;
				ASSETCATALOG_COMPILER_GLOBAL_ACCENT_COLOR_NAME = AccentColor;
				CODE_SIGN_STYLE = Automatic;
				CURRENT_PROJECT_VERSION = 1;
				DEVELOPMENT_TEAM = 7ACUHP269Y;
				GENERATE_INFOPLIST_FILE = YES;
				INFOPLIST_FILE = RocketLaunch/SupportingFiles/Info.plist;
				INFOPLIST_KEY_CFBundleDisplayName = "Launch Calendar";
				INFOPLIST_KEY_UIApplicationSupportsIndirectInputEvents = YES;
				INFOPLIST_KEY_UILaunchStoryboardName = LaunchScreen;
				INFOPLIST_KEY_UISupportedInterfaceOrientations = UIInterfaceOrientationPortrait;
				INFOPLIST_KEY_UISupportedInterfaceOrientations_iPad = UIInterfaceOrientationPortrait;
				INFOPLIST_KEY_UISupportedInterfaceOrientations_iPhone = UIInterfaceOrientationPortrait;
				IPHONEOS_DEPLOYMENT_TARGET = 13.0;
				LD_RUNPATH_SEARCH_PATHS = (
					"$(inherited)",
					"@executable_path/Frameworks",
				);
				MARKETING_VERSION = 0.0.1;
				PRODUCT_BUNDLE_IDENTIFIER = "com.braispcastro.rocket-launch";
				PRODUCT_NAME = "$(TARGET_NAME)";
				SWIFT_EMIT_LOC_STRINGS = YES;
				SWIFT_VERSION = 5.0;
				TARGETED_DEVICE_FAMILY = 1;
			};
			name = Debug;
		};
		8B1B93FF27765F8000398B5C /* Release */ = {
			isa = XCBuildConfiguration;
			buildSettings = {
				ASSETCATALOG_COMPILER_APPICON_NAME = AppIcon;
				ASSETCATALOG_COMPILER_GLOBAL_ACCENT_COLOR_NAME = AccentColor;
				CODE_SIGN_STYLE = Automatic;
				CURRENT_PROJECT_VERSION = 1;
				DEVELOPMENT_TEAM = 7ACUHP269Y;
				GENERATE_INFOPLIST_FILE = YES;
				INFOPLIST_FILE = RocketLaunch/SupportingFiles/Info.plist;
				INFOPLIST_KEY_CFBundleDisplayName = "Launch Calendar";
				INFOPLIST_KEY_UIApplicationSupportsIndirectInputEvents = YES;
				INFOPLIST_KEY_UILaunchStoryboardName = LaunchScreen;
				INFOPLIST_KEY_UISupportedInterfaceOrientations = UIInterfaceOrientationPortrait;
				INFOPLIST_KEY_UISupportedInterfaceOrientations_iPad = UIInterfaceOrientationPortrait;
				INFOPLIST_KEY_UISupportedInterfaceOrientations_iPhone = UIInterfaceOrientationPortrait;
				IPHONEOS_DEPLOYMENT_TARGET = 13.0;
				LD_RUNPATH_SEARCH_PATHS = (
					"$(inherited)",
					"@executable_path/Frameworks",
				);
				MARKETING_VERSION = 0.0.1;
				PRODUCT_BUNDLE_IDENTIFIER = "com.braispcastro.rocket-launch";
				PRODUCT_NAME = "$(TARGET_NAME)";
				SWIFT_EMIT_LOC_STRINGS = YES;
				SWIFT_VERSION = 5.0;
				TARGETED_DEVICE_FAMILY = 1;
			};
			name = Release;
		};
		8B1B940127765F8000398B5C /* Debug */ = {
			isa = XCBuildConfiguration;
			buildSettings = {
				ALWAYS_EMBED_SWIFT_STANDARD_LIBRARIES = YES;
				BUNDLE_LOADER = "$(TEST_HOST)";
				CODE_SIGN_STYLE = Automatic;
				CURRENT_PROJECT_VERSION = 1;
				DEVELOPMENT_TEAM = 7ACUHP269Y;
				GENERATE_INFOPLIST_FILE = YES;
				IPHONEOS_DEPLOYMENT_TARGET = 15.2;
				MARKETING_VERSION = 1.0;
				PRODUCT_BUNDLE_IDENTIFIER = com.braispcastro.RocketLaunchTests;
				PRODUCT_NAME = "$(TARGET_NAME)";
				SWIFT_EMIT_LOC_STRINGS = NO;
				SWIFT_VERSION = 5.0;
				TARGETED_DEVICE_FAMILY = "1,2";
				TEST_HOST = "$(BUILT_PRODUCTS_DIR)/RocketLaunch.app/RocketLaunch";
			};
			name = Debug;
		};
		8B1B940227765F8000398B5C /* Release */ = {
			isa = XCBuildConfiguration;
			buildSettings = {
				ALWAYS_EMBED_SWIFT_STANDARD_LIBRARIES = YES;
				BUNDLE_LOADER = "$(TEST_HOST)";
				CODE_SIGN_STYLE = Automatic;
				CURRENT_PROJECT_VERSION = 1;
				DEVELOPMENT_TEAM = 7ACUHP269Y;
				GENERATE_INFOPLIST_FILE = YES;
				IPHONEOS_DEPLOYMENT_TARGET = 15.2;
				MARKETING_VERSION = 1.0;
				PRODUCT_BUNDLE_IDENTIFIER = com.braispcastro.RocketLaunchTests;
				PRODUCT_NAME = "$(TARGET_NAME)";
				SWIFT_EMIT_LOC_STRINGS = NO;
				SWIFT_VERSION = 5.0;
				TARGETED_DEVICE_FAMILY = "1,2";
				TEST_HOST = "$(BUILT_PRODUCTS_DIR)/RocketLaunch.app/RocketLaunch";
			};
			name = Release;
		};
		8B1B940427765F8000398B5C /* Debug */ = {
			isa = XCBuildConfiguration;
			buildSettings = {
				ALWAYS_EMBED_SWIFT_STANDARD_LIBRARIES = YES;
				CODE_SIGN_STYLE = Automatic;
				CURRENT_PROJECT_VERSION = 1;
				DEVELOPMENT_TEAM = 7ACUHP269Y;
				GENERATE_INFOPLIST_FILE = YES;
				MARKETING_VERSION = 1.0;
				PRODUCT_BUNDLE_IDENTIFIER = com.braispcastro.RocketLaunchUITests;
				PRODUCT_NAME = "$(TARGET_NAME)";
				SWIFT_EMIT_LOC_STRINGS = NO;
				SWIFT_VERSION = 5.0;
				TARGETED_DEVICE_FAMILY = "1,2";
				TEST_TARGET_NAME = RocketLaunch;
			};
			name = Debug;
		};
		8B1B940527765F8000398B5C /* Release */ = {
			isa = XCBuildConfiguration;
			buildSettings = {
				ALWAYS_EMBED_SWIFT_STANDARD_LIBRARIES = YES;
				CODE_SIGN_STYLE = Automatic;
				CURRENT_PROJECT_VERSION = 1;
				DEVELOPMENT_TEAM = 7ACUHP269Y;
				GENERATE_INFOPLIST_FILE = YES;
				MARKETING_VERSION = 1.0;
				PRODUCT_BUNDLE_IDENTIFIER = com.braispcastro.RocketLaunchUITests;
				PRODUCT_NAME = "$(TARGET_NAME)";
				SWIFT_EMIT_LOC_STRINGS = NO;
				SWIFT_VERSION = 5.0;
				TARGETED_DEVICE_FAMILY = "1,2";
				TEST_TARGET_NAME = RocketLaunch;
			};
			name = Release;
		};
/* End XCBuildConfiguration section */

/* Begin XCConfigurationList section */
		8B1B93CB27765F7E00398B5C /* Build configuration list for PBXProject "RocketLaunch" */ = {
			isa = XCConfigurationList;
			buildConfigurations = (
				8B1B93FB27765F8000398B5C /* Debug */,
				8B1B93FC27765F8000398B5C /* Release */,
			);
			defaultConfigurationIsVisible = 0;
			defaultConfigurationName = Release;
		};
		8B1B93FD27765F8000398B5C /* Build configuration list for PBXNativeTarget "RocketLaunch" */ = {
			isa = XCConfigurationList;
			buildConfigurations = (
				8B1B93FE27765F8000398B5C /* Debug */,
				8B1B93FF27765F8000398B5C /* Release */,
			);
			defaultConfigurationIsVisible = 0;
			defaultConfigurationName = Release;
		};
		8B1B940027765F8000398B5C /* Build configuration list for PBXNativeTarget "RocketLaunchTests" */ = {
			isa = XCConfigurationList;
			buildConfigurations = (
				8B1B940127765F8000398B5C /* Debug */,
				8B1B940227765F8000398B5C /* Release */,
			);
			defaultConfigurationIsVisible = 0;
			defaultConfigurationName = Release;
		};
		8B1B940327765F8000398B5C /* Build configuration list for PBXNativeTarget "RocketLaunchUITests" */ = {
			isa = XCConfigurationList;
			buildConfigurations = (
				8B1B940427765F8000398B5C /* Debug */,
				8B1B940527765F8000398B5C /* Release */,
			);
			defaultConfigurationIsVisible = 0;
			defaultConfigurationName = Release;
		};
/* End XCConfigurationList section */

/* Begin XCRemoteSwiftPackageReference section */
		8BD9F3B9277685E4001312A9 /* XCRemoteSwiftPackageReference "Alamofire" */ = {
			isa = XCRemoteSwiftPackageReference;
			repositoryURL = "https://github.com/Alamofire/Alamofire.git";
			requirement = {
				kind = exactVersion;
				version = 5.5.0;
			};
		};
		8BD9F3BC277685FB001312A9 /* XCRemoteSwiftPackageReference "Kingfisher" */ = {
			isa = XCRemoteSwiftPackageReference;
			repositoryURL = "https://github.com/onevcat/Kingfisher.git";
			requirement = {
				kind = exactVersion;
				version = 7.1.2;
			};
		};
/* End XCRemoteSwiftPackageReference section */

/* Begin XCSwiftPackageProductDependency section */
		8BD9F3BA277685E4001312A9 /* Alamofire */ = {
			isa = XCSwiftPackageProductDependency;
			package = 8BD9F3B9277685E4001312A9 /* XCRemoteSwiftPackageReference "Alamofire" */;
			productName = Alamofire;
		};
		8BD9F3BD277685FB001312A9 /* Kingfisher */ = {
			isa = XCSwiftPackageProductDependency;
			package = 8BD9F3BC277685FB001312A9 /* XCRemoteSwiftPackageReference "Kingfisher" */;
			productName = Kingfisher;
		};
/* End XCSwiftPackageProductDependency section */

/* Begin XCVersionGroup section */
		8B1B93DC27765F7E00398B5C /* RocketLaunch.xcdatamodeld */ = {
			isa = XCVersionGroup;
			children = (
				8B1B93DD27765F7E00398B5C /* RocketLaunch.xcdatamodel */,
			);
			currentVersion = 8B1B93DD27765F7E00398B5C /* RocketLaunch.xcdatamodel */;
			path = RocketLaunch.xcdatamodeld;
			sourceTree = "<group>";
			versionGroupType = wrapper.xcdatamodel;
		};
/* End XCVersionGroup section */
	};
	rootObject = 8B1B93C827765F7E00398B5C /* Project object */;
}
